
Microsoft Visual Studio Solution File, Format Version 12.00
# Visual Studio Version 17
VisualStudioVersion = 17.5.33502.453
MinimumVisualStudioVersion = 10.0.40219.1
Project("{FAE04EC0-301F-11D3-BF4B-00C04F79EFBC}") = "CarRent", "CarRent\CarRent.csproj", "{77D139D0-FCE1-4C3E-803A-2E24F524C17F}"
EndProject
Global
	GlobalSection(SolutionConfigurationPlatforms) = preSolution
		Debug|Any CPU = Debug|Any CPU
		Release|Any CPU = Release|Any CPU
	EndGlobalSection
	GlobalSection(ProjectConfigurationPlatforms) = postSolution
		{77D139D0-FCE1-4C3E-803A-2E24F524C17F}.Debug|Any CPU.ActiveCfg = Debug|Any CPU
		{77D139D0-FCE1-4C3E-803A-2E24F524C17F}.Debug|Any CPU.Build.0 = Debug|Any CPU
		{77D139D0-FCE1-4C3E-803A-2E24F524C17F}.Release|Any CPU.ActiveCfg = Release|Any CPU
		{77D139D0-FCE1-4C3E-803A-2E24F524C17F}.Release|Any CPU.Build.0 = Release|Any CPU
	EndGlobalSection
	GlobalSection(SolutionProperties) = preSolution
		HideSolutionNode = FALSE
	EndGlobalSection
	GlobalSection(ExtensibilityGlobals) = postSolution
		SolutionGuid = {5D5AFF26-01B7-4149-895A-31644747F5C5}
	EndGlobalSection
EndGlobal
